
Microsoft Visual Studio Solution File, Format Version 12.00
# Visual Studio Version 17
VisualStudioVersion = 17.13.35825.156 d17.13
MinimumVisualStudioVersion = 10.0.40219.1
Project("{FAE04EC0-301F-11D3-BF4B-00C04F79EFBC}") = "Srednia", "Srednia\Srednia.csproj", "{AF4A6872-7BF6-4925-8E52-8205F5B73DAF}"
EndProject
Global
	GlobalSection(SolutionConfigurationPlatforms) = preSolution
		Debug|Any CPU = Debug|Any CPU
		Release|Any CPU = Release|Any CPU
	EndGlobalSection
	GlobalSection(ProjectConfigurationPlatforms) = postSolution
		{AF4A6872-7BF6-4925-8E52-8205F5B73DAF}.Debug|Any CPU.ActiveCfg = Debug|Any CPU
		{AF4A6872-7BF6-4925-8E52-8205F5B73DAF}.Debug|Any CPU.Build.0 = Debug|Any CPU
		{AF4A6872-7BF6-4925-8E52-8205F5B73DAF}.Release|Any CPU.ActiveCfg = Release|Any CPU
		{AF4A6872-7BF6-4925-8E52-8205F5B73DAF}.Release|Any CPU.Build.0 = Release|Any CPU
	EndGlobalSection
	GlobalSection(SolutionProperties) = preSolution
		HideSolutionNode = FALSE
	EndGlobalSection
	GlobalSection(ExtensibilityGlobals) = postSolution
		SolutionGuid = {F0933B18-F0E9-443E-9225-B0DD215FBFFE}
	EndGlobalSection
EndGlobal
